
Microsoft Visual Studio Solution File, Format Version 12.00
# Visual Studio 15
VisualStudioVersion = 15.0.28307.329
MinimumVisualStudioVersion = 10.0.40219.1
Project("{FAE04EC0-301F-11D3-BF4B-00C04F79EFBC}") = "FormTest", "FormTest\FormTest.csproj", "{631938AC-576D-4D05-A2EF-FEA03C3AC88A}"
EndProject
Global
	GlobalSection(SolutionConfigurationPlatforms) = preSolution
		Debug|Any CPU = Debug|Any CPU
		Release|Any CPU = Release|Any CPU
	EndGlobalSection
	GlobalSection(ProjectConfigurationPlatforms) = postSolution
		{631938AC-576D-4D05-A2EF-FEA03C3AC88A}.Debug|Any CPU.ActiveCfg = Debug|Any CPU
		{631938AC-576D-4D05-A2EF-FEA03C3AC88A}.Debug|Any CPU.Build.0 = Debug|Any CPU
		{631938AC-576D-4D05-A2EF-FEA03C3AC88A}.Release|Any CPU.ActiveCfg = Release|Any CPU
		{631938AC-576D-4D05-A2EF-FEA03C3AC88A}.Release|Any CPU.Build.0 = Release|Any CPU
	EndGlobalSection
	GlobalSection(SolutionProperties) = preSolution
		HideSolutionNode = FALSE
	EndGlobalSection
	GlobalSection(ExtensibilityGlobals) = postSolution
		SolutionGuid = {DF1AC0CB-FF6A-42A6-8598-1AB71AD1BA69}
	EndGlobalSection
EndGlobal
